%{
  "complex": {:hex, :complex, "0.4.3", "84db4aad241099a8785446ac6eacf498bf3a60634a0e45c7745d875714ddbf98", [:mix], [], "hexpm", "2ceda96ebddcc22697974f1a2666d4cc5dfdd34f8cd8c4f9dced037bcb41eeb5"},
  "elixir_make": {:hex, :elixir_make, "0.7.7", "7128c60c2476019ed978210c245badf08b03dbec4f24d05790ef791da11aa17c", [:mix], [{:castore, "~> 0.1 or ~> 1.0", [hex: :castore, repo: "hexpm", optional: true]}], "hexpm", "5bc19fff950fad52bbe5f211b12db9ec82c6b34a9647da0c2224b8b8464c7e6c"},
  "exla": {:hex, :exla, "0.3.0", "7f282768bdd7ee47bf784fd47750a5c4a75374ae50a54ceb71edd02406e15026", [:make, :mix], [{:elixir_make, "~> 0.6", [hex: :elixir_make, repo: "hexpm", optional: false]}, {:nx, "~> 0.3.0", [hex: :nx, repo: "hexpm", optional: false]}, {:xla, "~> 0.3.0", [hex: :xla, repo: "hexpm", optional: false]}], "hexpm", "0479ee3652795f5b14bd85f031184d0b7a66b91efa6f5a41bde9e292da17b1e8"},
  "nx": {:hex, :nx, "0.3.0", "12448769619ed1442e22bd198faf4629ae3d0ee3ed565e42be49829cc42bf35f", [:mix], [{:complex, "~> 0.4.2", [hex: :complex, repo: "hexpm", optional: false]}], "hexpm", "d08d8962f4379ade54281aad84c45cb7eb0118b406fc836f07b94acc40df5859"},
  "xla": {:hex, :xla, "0.3.0", "7f40d3d799447bd745e6e61985c922821e355eca37c25754bac299d11f137f2e", [:make, :mix], [{:elixir_make, "~> 0.4", [hex: :elixir_make, repo: "hexpm", optional: false]}], "hexpm", "0de304f5624ea2f2ae1afdcbd72d33855364be36fed2cc5de8d6d2ec8950926e"},
}
